
Microsoft Visual Studio Solution File, Format Version 12.00
# Visual Studio Version 17
VisualStudioVersion = 17.14.36401.2 d17.14
MinimumVisualStudioVersion = 10.0.40219.1
Project("{FAE04EC0-301F-11D3-BF4B-00C04F79EFBC}") = "FormularioVentas.Client", "FormularioVentas.Client\FormularioVentas.Client.csproj", "{9161601F-C454-41EC-BDC8-D0EABFFE5481}"
EndProject
Project("{FAE04EC0-301F-11D3-BF4B-00C04F79EFBC}") = "FormularioVentas.Entities", "FormularioVentas.Entities\FormularioVentas.Entities.csproj", "{AE5DFCE7-6F19-49EB-85D0-518A5AEF9552}"
EndProject
Project("{FAE04EC0-301F-11D3-BF4B-00C04F79EFBC}") = "FormularioVentas.Test", "FormularioVentas.Test\FormularioVentas.Test.csproj", "{C5723EAB-CCB0-4D69-91B6-1EAD9C71BCF2}"
EndProject
Global
	GlobalSection(SolutionConfigurationPlatforms) = preSolution
		Debug|Any CPU = Debug|Any CPU
		Release|Any CPU = Release|Any CPU
	EndGlobalSection
	GlobalSection(ProjectConfigurationPlatforms) = postSolution
		{9161601F-C454-41EC-BDC8-D0EABFFE5481}.Debug|Any CPU.ActiveCfg = Debug|Any CPU
		{9161601F-C454-41EC-BDC8-D0EABFFE5481}.Debug|Any CPU.Build.0 = Debug|Any CPU
		{9161601F-C454-41EC-BDC8-D0EABFFE5481}.Release|Any CPU.ActiveCfg = Release|Any CPU
		{9161601F-C454-41EC-BDC8-D0EABFFE5481}.Release|Any CPU.Build.0 = Release|Any CPU
		{AE5DFCE7-6F19-49EB-85D0-518A5AEF9552}.Debug|Any CPU.ActiveCfg = Debug|Any CPU
		{AE5DFCE7-6F19-49EB-85D0-518A5AEF9552}.Debug|Any CPU.Build.0 = Debug|Any CPU
		{AE5DFCE7-6F19-49EB-85D0-518A5AEF9552}.Release|Any CPU.ActiveCfg = Release|Any CPU
		{AE5DFCE7-6F19-49EB-85D0-518A5AEF9552}.Release|Any CPU.Build.0 = Release|Any CPU
		{C5723EAB-CCB0-4D69-91B6-1EAD9C71BCF2}.Debug|Any CPU.ActiveCfg = Debug|Any CPU
		{C5723EAB-CCB0-4D69-91B6-1EAD9C71BCF2}.Debug|Any CPU.Build.0 = Debug|Any CPU
		{C5723EAB-CCB0-4D69-91B6-1EAD9C71BCF2}.Release|Any CPU.ActiveCfg = Release|Any CPU
		{C5723EAB-CCB0-4D69-91B6-1EAD9C71BCF2}.Release|Any CPU.Build.0 = Release|Any CPU
	EndGlobalSection
	GlobalSection(SolutionProperties) = preSolution
		HideSolutionNode = FALSE
	EndGlobalSection
	GlobalSection(ExtensibilityGlobals) = postSolution
		SolutionGuid = {DC669C81-7D1F-40C7-92DD-C1800E6AD3ED}
	EndGlobalSection
EndGlobal
